
Microsoft Visual Studio Solution File, Format Version 12.00
# Visual Studio 15
VisualStudioVersion = 15.0.28307.421
MinimumVisualStudioVersion = 10.0.40219.1
Project("{FAE04EC0-301F-11D3-BF4B-00C04F79EFBC}") = "SpaUserControl.Domain", "SpaUserControl.Domain\SpaUserControl.Domain.csproj", "{FB70676F-1A31-4082-B418-B01C88C44387}"
EndProject
Project("{FAE04EC0-301F-11D3-BF4B-00C04F79EFBC}") = "SpaUserControl.Common", "SpaUserControl.Common\SpaUserControl.Common.csproj", "{061018DF-B9EB-4FD0-9D40-23EAC247A182}"
EndProject
Project("{FAE04EC0-301F-11D3-BF4B-00C04F79EFBC}") = "ConsoleApp1", "ConsoleApp1\ConsoleApp1.csproj", "{323A98C3-F295-4D92-8A78-086EA0400CEB}"
EndProject
Project("{FAE04EC0-301F-11D3-BF4B-00C04F79EFBC}") = "SpaUserControl.Infraestructure", "SpaUserControl.Infraestructure\SpaUserControl.Infraestructure.csproj", "{D11421A9-395A-4A9A-964C-600F277EE74E}"
EndProject
Project("{FAE04EC0-301F-11D3-BF4B-00C04F79EFBC}") = "SpaUserControl.Startup", "SpaUserControl.Startup\SpaUserControl.Startup.csproj", "{F97A600C-8BD6-4D0C-B764-2C38253E2F3F}"
EndProject
Project("{FAE04EC0-301F-11D3-BF4B-00C04F79EFBC}") = "SpaUserControl.Business", "SpaUserControl.Business\SpaUserControl.Business.csproj", "{10DC1A48-F2AB-425E-828C-94CDFCC99143}"
EndProject
Global
	GlobalSection(SolutionConfigurationPlatforms) = preSolution
		Debug|Any CPU = Debug|Any CPU
		Release|Any CPU = Release|Any CPU
	EndGlobalSection
	GlobalSection(ProjectConfigurationPlatforms) = postSolution
		{FB70676F-1A31-4082-B418-B01C88C44387}.Debug|Any CPU.ActiveCfg = Debug|Any CPU
		{FB70676F-1A31-4082-B418-B01C88C44387}.Debug|Any CPU.Build.0 = Debug|Any CPU
		{FB70676F-1A31-4082-B418-B01C88C44387}.Release|Any CPU.ActiveCfg = Release|Any CPU
		{FB70676F-1A31-4082-B418-B01C88C44387}.Release|Any CPU.Build.0 = Release|Any CPU
		{061018DF-B9EB-4FD0-9D40-23EAC247A182}.Debug|Any CPU.ActiveCfg = Debug|Any CPU
		{061018DF-B9EB-4FD0-9D40-23EAC247A182}.Debug|Any CPU.Build.0 = Debug|Any CPU
		{061018DF-B9EB-4FD0-9D40-23EAC247A182}.Release|Any CPU.ActiveCfg = Release|Any CPU
		{061018DF-B9EB-4FD0-9D40-23EAC247A182}.Release|Any CPU.Build.0 = Release|Any CPU
		{323A98C3-F295-4D92-8A78-086EA0400CEB}.Debug|Any CPU.ActiveCfg = Debug|Any CPU
		{323A98C3-F295-4D92-8A78-086EA0400CEB}.Debug|Any CPU.Build.0 = Debug|Any CPU
		{323A98C3-F295-4D92-8A78-086EA0400CEB}.Release|Any CPU.ActiveCfg = Release|Any CPU
		{323A98C3-F295-4D92-8A78-086EA0400CEB}.Release|Any CPU.Build.0 = Release|Any CPU
		{D11421A9-395A-4A9A-964C-600F277EE74E}.Debug|Any CPU.ActiveCfg = Debug|Any CPU
		{D11421A9-395A-4A9A-964C-600F277EE74E}.Debug|Any CPU.Build.0 = Debug|Any CPU
		{D11421A9-395A-4A9A-964C-600F277EE74E}.Release|Any CPU.ActiveCfg = Release|Any CPU
		{D11421A9-395A-4A9A-964C-600F277EE74E}.Release|Any CPU.Build.0 = Release|Any CPU
		{F97A600C-8BD6-4D0C-B764-2C38253E2F3F}.Debug|Any CPU.ActiveCfg = Debug|Any CPU
		{F97A600C-8BD6-4D0C-B764-2C38253E2F3F}.Debug|Any CPU.Build.0 = Debug|Any CPU
		{F97A600C-8BD6-4D0C-B764-2C38253E2F3F}.Release|Any CPU.ActiveCfg = Release|Any CPU
		{F97A600C-8BD6-4D0C-B764-2C38253E2F3F}.Release|Any CPU.Build.0 = Release|Any CPU
		{10DC1A48-F2AB-425E-828C-94CDFCC99143}.Debug|Any CPU.ActiveCfg = Debug|Any CPU
		{10DC1A48-F2AB-425E-828C-94CDFCC99143}.Debug|Any CPU.Build.0 = Debug|Any CPU
		{10DC1A48-F2AB-425E-828C-94CDFCC99143}.Release|Any CPU.ActiveCfg = Release|Any CPU
		{10DC1A48-F2AB-425E-828C-94CDFCC99143}.Release|Any CPU.Build.0 = Release|Any CPU
	EndGlobalSection
	GlobalSection(SolutionProperties) = preSolution
		HideSolutionNode = FALSE
	EndGlobalSection
	GlobalSection(ExtensibilityGlobals) = postSolution
		SolutionGuid = {0ABEE84B-7A66-4C88-98A7-F7081C242E4E}
	EndGlobalSection
EndGlobal
